
Microsoft Visual Studio Solution File, Format Version 12.00
# Visual Studio Version 17
VisualStudioVersion = 17.2.32505.173
MinimumVisualStudioVersion = 10.0.40219.1
Project("{FAE04EC0-301F-11D3-BF4B-00C04F79EFBC}") = "EmployeeWageComputation", "EmployeeWageComputation\EmployeeWageComputation.csproj", "{748FE237-30F8-43CD-9875-CE02CB94FCC7}"
EndProject
Global
	GlobalSection(SolutionConfigurationPlatforms) = preSolution
		Debug|Any CPU = Debug|Any CPU
		Release|Any CPU = Release|Any CPU
	EndGlobalSection
	GlobalSection(ProjectConfigurationPlatforms) = postSolution
		{748FE237-30F8-43CD-9875-CE02CB94FCC7}.Debug|Any CPU.ActiveCfg = Debug|Any CPU
		{748FE237-30F8-43CD-9875-CE02CB94FCC7}.Debug|Any CPU.Build.0 = Debug|Any CPU
		{748FE237-30F8-43CD-9875-CE02CB94FCC7}.Release|Any CPU.ActiveCfg = Release|Any CPU
		{748FE237-30F8-43CD-9875-CE02CB94FCC7}.Release|Any CPU.Build.0 = Release|Any CPU
	EndGlobalSection
	GlobalSection(SolutionProperties) = preSolution
		HideSolutionNode = FALSE
	EndGlobalSection
	GlobalSection(ExtensibilityGlobals) = postSolution
		SolutionGuid = {711B6EE8-269F-439A-8397-6D687EE372A6}
	EndGlobalSection
EndGlobal
